
Microsoft Visual Studio Solution File, Format Version 12.00
# Visual Studio Version 16
VisualStudioVersion = 16.0.31019.35
MinimumVisualStudioVersion = 10.0.40219.1
Project("{FAE04EC0-301F-11D3-BF4B-00C04F79EFBC}") = "DataLakeCrawler", "DataLakeCrawler\DataLakeCrawler.csproj", "{4DD05C6F-C26B-4179-AE9D-8EC5C92FFB7B}"
EndProject
Global
	GlobalSection(SolutionConfigurationPlatforms) = preSolution
		Debug|Any CPU = Debug|Any CPU
		Release|Any CPU = Release|Any CPU
	EndGlobalSection
	GlobalSection(ProjectConfigurationPlatforms) = postSolution
		{4DD05C6F-C26B-4179-AE9D-8EC5C92FFB7B}.Debug|Any CPU.ActiveCfg = Debug|Any CPU
		{4DD05C6F-C26B-4179-AE9D-8EC5C92FFB7B}.Debug|Any CPU.Build.0 = Debug|Any CPU
		{4DD05C6F-C26B-4179-AE9D-8EC5C92FFB7B}.Release|Any CPU.ActiveCfg = Release|Any CPU
		{4DD05C6F-C26B-4179-AE9D-8EC5C92FFB7B}.Release|Any CPU.Build.0 = Release|Any CPU
	EndGlobalSection
	GlobalSection(SolutionProperties) = preSolution
		HideSolutionNode = FALSE
	EndGlobalSection
	GlobalSection(ExtensibilityGlobals) = postSolution
		SolutionGuid = {AC2F19F2-AD94-4352-A891-8740F80DAE9F}
	EndGlobalSection
EndGlobal
